
Microsoft Visual Studio Solution File, Format Version 12.00
# Visual Studio 15
VisualStudioVersion = 15.0.28307.852
MinimumVisualStudioVersion = 10.0.40219.1
Project("{FAE04EC0-301F-11D3-BF4B-00C04F79EFBC}") = "app-ferreteria-ventas", "app-ferreteria-ventas\app-ferreteria-ventas.csproj", "{87DCE318-3EB9-431A-95EB-E59AA8EBA53D}"
EndProject
Project("{FAE04EC0-301F-11D3-BF4B-00C04F79EFBC}") = "capa_Datos", "capa_Datos\capa_Datos.csproj", "{73951D41-ABA1-43E3-9DC3-4884D87B6D9E}"
EndProject
Project("{FAE04EC0-301F-11D3-BF4B-00C04F79EFBC}") = "capa_Entidad", "capa_Entidad\capa_Entidad.csproj", "{71814156-37D0-4CCF-88DC-894DE0FA5D83}"
EndProject
Project("{FAE04EC0-301F-11D3-BF4B-00C04F79EFBC}") = "capa_Negocio", "capa_Negocio\capa_Negocio.csproj", "{60202096-C28E-458B-8E9D-7DC378BFFF21}"
EndProject
Project("{54435603-DBB4-11D2-8724-00A0C9A8B90C}") = "ferreteria-exe", "ferreteria-exe\ferreteria-exe.vdproj", "{1EC140F6-E5BE-4114-A5F9-173B6A24C1AE}"
EndProject
Global
	GlobalSection(SolutionConfigurationPlatforms) = preSolution
		Debug|Any CPU = Debug|Any CPU
		Release|Any CPU = Release|Any CPU
	EndGlobalSection
	GlobalSection(ProjectConfigurationPlatforms) = postSolution
		{87DCE318-3EB9-431A-95EB-E59AA8EBA53D}.Debug|Any CPU.ActiveCfg = Debug|Any CPU
		{87DCE318-3EB9-431A-95EB-E59AA8EBA53D}.Debug|Any CPU.Build.0 = Debug|Any CPU
		{87DCE318-3EB9-431A-95EB-E59AA8EBA53D}.Release|Any CPU.ActiveCfg = Release|Any CPU
		{87DCE318-3EB9-431A-95EB-E59AA8EBA53D}.Release|Any CPU.Build.0 = Release|Any CPU
		{73951D41-ABA1-43E3-9DC3-4884D87B6D9E}.Debug|Any CPU.ActiveCfg = Debug|Any CPU
		{73951D41-ABA1-43E3-9DC3-4884D87B6D9E}.Debug|Any CPU.Build.0 = Debug|Any CPU
		{73951D41-ABA1-43E3-9DC3-4884D87B6D9E}.Release|Any CPU.ActiveCfg = Release|Any CPU
		{73951D41-ABA1-43E3-9DC3-4884D87B6D9E}.Release|Any CPU.Build.0 = Release|Any CPU
		{71814156-37D0-4CCF-88DC-894DE0FA5D83}.Debug|Any CPU.ActiveCfg = Debug|Any CPU
		{71814156-37D0-4CCF-88DC-894DE0FA5D83}.Debug|Any CPU.Build.0 = Debug|Any CPU
		{71814156-37D0-4CCF-88DC-894DE0FA5D83}.Release|Any CPU.ActiveCfg = Release|Any CPU
		{71814156-37D0-4CCF-88DC-894DE0FA5D83}.Release|Any CPU.Build.0 = Release|Any CPU
		{60202096-C28E-458B-8E9D-7DC378BFFF21}.Debug|Any CPU.ActiveCfg = Debug|Any CPU
		{60202096-C28E-458B-8E9D-7DC378BFFF21}.Debug|Any CPU.Build.0 = Debug|Any CPU
		{60202096-C28E-458B-8E9D-7DC378BFFF21}.Release|Any CPU.ActiveCfg = Release|Any CPU
		{60202096-C28E-458B-8E9D-7DC378BFFF21}.Release|Any CPU.Build.0 = Release|Any CPU
		{1EC140F6-E5BE-4114-A5F9-173B6A24C1AE}.Debug|Any CPU.ActiveCfg = Debug
		{1EC140F6-E5BE-4114-A5F9-173B6A24C1AE}.Release|Any CPU.ActiveCfg = Release
	EndGlobalSection
	GlobalSection(SolutionProperties) = preSolution
		HideSolutionNode = FALSE
	EndGlobalSection
	GlobalSection(ExtensibilityGlobals) = postSolution
		SolutionGuid = {578F4896-C0E4-4FA4-AE2B-0339C8816610}
	EndGlobalSection
EndGlobal
